
Microsoft Visual Studio Solution File, Format Version 12.00
# Visual Studio Version 16
VisualStudioVersion = 16.0.30621.155
MinimumVisualStudioVersion = 10.0.40219.1
Project("{9A19103F-16F7-4668-BE54-9A1E7A4F7556}") = "PXE Server", "PXE Server\PXE Server.csproj", "{A9AEE220-2771-4A6B-B25C-01198BEC4D45}"
EndProject
Project("{FAE04EC0-301F-11D3-BF4B-00C04F79EFBC}") = "Tftp.Net", "Tftp.Net\Tftp.Net.csproj", "{AC5742F4-C024-41AE-B202-D8448B4A2220}"
EndProject
Project("{FAE04EC0-301F-11D3-BF4B-00C04F79EFBC}") = "DHCPServer", "DHCPServer\DHCPServer.csproj", "{C3BAAC17-8781-4881-B03D-2D05E8E26851}"
EndProject
Global
	GlobalSection(SolutionConfigurationPlatforms) = preSolution
		Debug|Any CPU = Debug|Any CPU
		Release|Any CPU = Release|Any CPU
	EndGlobalSection
	GlobalSection(ProjectConfigurationPlatforms) = postSolution
		{A9AEE220-2771-4A6B-B25C-01198BEC4D45}.Debug|Any CPU.ActiveCfg = Debug|Any CPU
		{A9AEE220-2771-4A6B-B25C-01198BEC4D45}.Debug|Any CPU.Build.0 = Debug|Any CPU
		{A9AEE220-2771-4A6B-B25C-01198BEC4D45}.Release|Any CPU.ActiveCfg = Release|Any CPU
		{A9AEE220-2771-4A6B-B25C-01198BEC4D45}.Release|Any CPU.Build.0 = Release|Any CPU
		{AC5742F4-C024-41AE-B202-D8448B4A2220}.Debug|Any CPU.ActiveCfg = Debug|Any CPU
		{AC5742F4-C024-41AE-B202-D8448B4A2220}.Debug|Any CPU.Build.0 = Debug|Any CPU
		{AC5742F4-C024-41AE-B202-D8448B4A2220}.Release|Any CPU.ActiveCfg = Release|Any CPU
		{AC5742F4-C024-41AE-B202-D8448B4A2220}.Release|Any CPU.Build.0 = Release|Any CPU
		{C3BAAC17-8781-4881-B03D-2D05E8E26851}.Debug|Any CPU.ActiveCfg = Debug|Any CPU
		{C3BAAC17-8781-4881-B03D-2D05E8E26851}.Debug|Any CPU.Build.0 = Debug|Any CPU
		{C3BAAC17-8781-4881-B03D-2D05E8E26851}.Release|Any CPU.ActiveCfg = Release|Any CPU
		{C3BAAC17-8781-4881-B03D-2D05E8E26851}.Release|Any CPU.Build.0 = Release|Any CPU
	EndGlobalSection
	GlobalSection(SolutionProperties) = preSolution
		HideSolutionNode = FALSE
	EndGlobalSection
	GlobalSection(ExtensibilityGlobals) = postSolution
		SolutionGuid = {67CAD50A-21FB-492C-8C34-EEE24CB74230}
	EndGlobalSection
EndGlobal
